
Microsoft Visual Studio Solution File, Format Version 12.00
# Visual Studio Version 17
VisualStudioVersion = 17.9.34616.47
MinimumVisualStudioVersion = 10.0.40219.1
Project("{8BC9CEB8-8B4A-11D0-8D11-00A0C91BC942}") = "贪吃蛇", "贪吃蛇\贪吃蛇.vcxproj", "{CCED618D-ACDC-4AF0-A35D-4EE0CD79E13F}"
EndProject
Global
	GlobalSection(SolutionConfigurationPlatforms) = preSolution
		Debug|x64 = Debug|x64
		Debug|x86 = Debug|x86
		Release|x64 = Release|x64
		Release|x86 = Release|x86
	EndGlobalSection
	GlobalSection(ProjectConfigurationPlatforms) = postSolution
		{CCED618D-ACDC-4AF0-A35D-4EE0CD79E13F}.Debug|x64.ActiveCfg = Debug|x64
		{CCED618D-ACDC-4AF0-A35D-4EE0CD79E13F}.Debug|x64.Build.0 = Debug|x64
		{CCED618D-ACDC-4AF0-A35D-4EE0CD79E13F}.Debug|x86.ActiveCfg = Debug|Win32
		{CCED618D-ACDC-4AF0-A35D-4EE0CD79E13F}.Debug|x86.Build.0 = Debug|Win32
		{CCED618D-ACDC-4AF0-A35D-4EE0CD79E13F}.Release|x64.ActiveCfg = Release|x64
		{CCED618D-ACDC-4AF0-A35D-4EE0CD79E13F}.Release|x64.Build.0 = Release|x64
		{CCED618D-ACDC-4AF0-A35D-4EE0CD79E13F}.Release|x86.ActiveCfg = Release|Win32
		{CCED618D-ACDC-4AF0-A35D-4EE0CD79E13F}.Release|x86.Build.0 = Release|Win32
	EndGlobalSection
	GlobalSection(SolutionProperties) = preSolution
		HideSolutionNode = FALSE
	EndGlobalSection
	GlobalSection(ExtensibilityGlobals) = postSolution
		SolutionGuid = {A7F90384-31FF-4CEA-800D-EE60A0F54414}
	EndGlobalSection
EndGlobal
